
Microsoft Visual Studio Solution File, Format Version 12.00
# Visual Studio Version 17
VisualStudioVersion = 17.14.36221.1 d17.14
MinimumVisualStudioVersion = 10.0.40219.1
Project("{FAE04EC0-301F-11D3-BF4B-00C04F79EFBC}") = "FODUN.Reservas", "FODUN.Reservas.csproj", "{DB392FAF-AF5F-4224-9DF8-F6B38C54AF7A}"
EndProject
Global
	GlobalSection(SolutionConfigurationPlatforms) = preSolution
		Debug|Any CPU = Debug|Any CPU
		Release|Any CPU = Release|Any CPU
	EndGlobalSection
	GlobalSection(ProjectConfigurationPlatforms) = postSolution
		{DB392FAF-AF5F-4224-9DF8-F6B38C54AF7A}.Debug|Any CPU.ActiveCfg = Debug|Any CPU
		{DB392FAF-AF5F-4224-9DF8-F6B38C54AF7A}.Debug|Any CPU.Build.0 = Debug|Any CPU
		{DB392FAF-AF5F-4224-9DF8-F6B38C54AF7A}.Release|Any CPU.ActiveCfg = Release|Any CPU
		{DB392FAF-AF5F-4224-9DF8-F6B38C54AF7A}.Release|Any CPU.Build.0 = Release|Any CPU
	EndGlobalSection
	GlobalSection(SolutionProperties) = preSolution
		HideSolutionNode = FALSE
	EndGlobalSection
	GlobalSection(ExtensibilityGlobals) = postSolution
		SolutionGuid = {D421BC4F-7D4F-4726-B4C1-7BDCB9476276}
	EndGlobalSection
EndGlobal
